
Microsoft Visual Studio Solution File, Format Version 12.00
# Visual Studio Version 17
VisualStudioVersion = 17.4.33103.184
MinimumVisualStudioVersion = 10.0.40219.1
Project("{8BC9CEB8-8B4A-11D0-8D11-00A0C91BC942}") = "GDADPRG_Courseware", "GDADPRG_Courseware\GDADPRG_Courseware.vcxproj", "{4AB745D5-3C91-432B-A419-EBF85D9AAF17}"
EndProject
Project("{8BC9CEB8-8B4A-11D0-8D11-00A0C91BC942}") = "GDADPRG_EmptyTemplate", "GDADPRG_EmptyTemplate\GDADPRG_EmptyTemplate.vcxproj", "{709D5625-1F02-44E3-A899-F3C4F7B3EF83}"
EndProject
Project("{8BC9CEB8-8B4A-11D0-8D11-00A0C91BC942}") = "GDADPRG_HO3 - Part 1", "GDADPRG_HO3 - Part 1\GDADPRG_HO3 - Part 1.vcxproj", "{FBA0E6AA-0361-405C-98E8-809F5776E8D3}"
EndProject
Project("{8BC9CEB8-8B4A-11D0-8D11-00A0C91BC942}") = "GDADPRG_HO3 - Part 3", "GDADPRG_HO3 - Part 3\GDADPRG_HO3 - Part 3.vcxproj", "{C9A58F69-C6E1-4B74-8BA8-7D40BDB1CE63}"
EndProject
Project("{8BC9CEB8-8B4A-11D0-8D11-00A0C91BC942}") = "GDADPRG_HO3 - Part 2", "GDADPRG_HO3 - Part 2\GDADPRG_HO3 - Part 2.vcxproj", "{8B991037-0544-4C3F-B76F-81402324B24F}"
EndProject
Project("{8BC9CEB8-8B4A-11D0-8D11-00A0C91BC942}") = "GDADPRG_HO4", "GDADPRG_HO4\GDADPRG_HO4.vcxproj", "{E06B14E1-7BDE-4D3B-8AC1-3C55EDFD56B4}"
EndProject
Project("{8BC9CEB8-8B4A-11D0-8D11-00A0C91BC942}") = "GDADPRG_HO5", "GDADPRG_HO5\GDADPRG_HO5.vcxproj", "{C60C1C5F-A82C-4CF9-AC78-8B1A4494B346}"
EndProject
Project("{8BC9CEB8-8B4A-11D0-8D11-00A0C91BC942}") = "GDADPRG_HO6", "GDADPRG_HO6\GDADPRG_HO6.vcxproj", "{D9B2C188-4321-469C-A266-091DE8EAEE86}"
EndProject
Project("{8BC9CEB8-8B4A-11D0-8D11-00A0C91BC942}") = "GDADPRG_HO7", "GDADPRG_HO7\GDADPRG_HO7.vcxproj", "{DF9ADA57-E769-4D01-A10C-692D9EB195EA}"
EndProject
Project("{8BC9CEB8-8B4A-11D0-8D11-00A0C91BC942}") = "GDPARCM_HO1", "GDPARCM_HO1\GDPARCM_HO1.vcxproj", "{A94A4E0A-0747-4FC8-A408-B948A74B99EB}"
EndProject
Project("{8BC9CEB8-8B4A-11D0-8D11-00A0C91BC942}") = "GDPARCM_HO2", "GDPARCM_HO2\GDPARCM_HO2.vcxproj", "{DF1A22A2-A0AC-4C56-A130-CFDF2CC727B0}"
EndProject
Project("{8BC9CEB8-8B4A-11D0-8D11-00A0C91BC942}") = "GDPARCM_HO2 - Solution", "GDPARCM_HO2 - Solution\GDPARCM_HO2 - Solution.vcxproj", "{135F5082-9C8D-4DE0-A193-71D9283FD5C7}"
EndProject
Project("{8BC9CEB8-8B4A-11D0-8D11-00A0C91BC942}") = "GDPARCM_HO3", "GDPARCM_HO3\GDPARCM_HO3.vcxproj", "{FDC86A8E-08B1-42E3-8EF3-B448EFEBF5DC}"
EndProject
Project("{8BC9CEB8-8B4A-11D0-8D11-00A0C91BC942}") = "GDPARCM_HO3 - Solution", "GDPARCM_HO3 - Solution\GDPARCM_HO3 - Solution.vcxproj", "{1CAC5261-44E3-452F-BFDA-9B3A5612A6B6}"
EndProject
Project("{8BC9CEB8-8B4A-11D0-8D11-00A0C91BC942}") = "GDPARCM_HO4", "GDPARCM_HO4\GDPARCM_HO4.vcxproj", "{87BE16D7-3F6D-4AA2-9618-CBBB8E2A9507}"
EndProject
Project("{8BC9CEB8-8B4A-11D0-8D11-00A0C91BC942}") = "GDPARCM_HO5 - Ray Tracing One Weekend", "GDPARCM_HO5 - Ray Tracing One Weekend\GDPARCM_HO5 - Ray Tracing One Weekend.vcxproj", "{7D1D351E-F214-41DF-80A4-2AD435DDBEC4}"
EndProject
Project("{8BC9CEB8-8B4A-11D0-8D11-00A0C91BC942}") = "GDPARCM_HO6 - Threaded Ray Tracing One Weekend", "GDPARCM_HO6 - Threaded Ray Tracing One Weekend\GDPARCM_HO6 - Threaded Ray Tracing One Weekend.vcxproj", "{4EC9FDE6-B3E7-4B3B-9628-BDBD96733114}"
EndProject
Project("{8BC9CEB8-8B4A-11D0-8D11-00A0C91BC942}") = "GDPARCM_HO7 - SocketsDemo", "GDPARCM_HO7 - SocketsDemo\GDPARCM_HO7 - SocketsDemo.vcxproj", "{660FFF80-95F0-4332-9914-055F6C4F7D98}"
EndProject
Project("{8BC9CEB8-8B4A-11D0-8D11-00A0C91BC942}") = "GDPARCM_HO8 - gRPCDemo", "GDPARCM_HO8-gRPCDemo\GDPARCM_HO8-gRPCDemo.vcxproj", "{B595E702-A681-4415-A94C-A29896FDDA39}"
EndProject
Global
	GlobalSection(SolutionConfigurationPlatforms) = preSolution
		Debug|x64 = Debug|x64
		Debug|x86 = Debug|x86
		Release|x64 = Release|x64
		Release|x86 = Release|x86
	EndGlobalSection
	GlobalSection(ProjectConfigurationPlatforms) = postSolution
		{4AB745D5-3C91-432B-A419-EBF85D9AAF17}.Debug|x64.ActiveCfg = Debug|x64
		{4AB745D5-3C91-432B-A419-EBF85D9AAF17}.Debug|x64.Build.0 = Debug|x64
		{4AB745D5-3C91-432B-A419-EBF85D9AAF17}.Debug|x86.ActiveCfg = Debug|Win32
		{4AB745D5-3C91-432B-A419-EBF85D9AAF17}.Debug|x86.Build.0 = Debug|Win32
		{4AB745D5-3C91-432B-A419-EBF85D9AAF17}.Release|x64.ActiveCfg = Release|x64
		{4AB745D5-3C91-432B-A419-EBF85D9AAF17}.Release|x64.Build.0 = Release|x64
		{4AB745D5-3C91-432B-A419-EBF85D9AAF17}.Release|x86.ActiveCfg = Release|Win32
		{4AB745D5-3C91-432B-A419-EBF85D9AAF17}.Release|x86.Build.0 = Release|Win32
		{709D5625-1F02-44E3-A899-F3C4F7B3EF83}.Debug|x64.ActiveCfg = Debug|x64
		{709D5625-1F02-44E3-A899-F3C4F7B3EF83}.Debug|x64.Build.0 = Debug|x64
		{709D5625-1F02-44E3-A899-F3C4F7B3EF83}.Debug|x86.ActiveCfg = Debug|Win32
		{709D5625-1F02-44E3-A899-F3C4F7B3EF83}.Debug|x86.Build.0 = Debug|Win32
		{709D5625-1F02-44E3-A899-F3C4F7B3EF83}.Release|x64.ActiveCfg = Release|x64
		{709D5625-1F02-44E3-A899-F3C4F7B3EF83}.Release|x64.Build.0 = Release|x64
		{709D5625-1F02-44E3-A899-F3C4F7B3EF83}.Release|x86.ActiveCfg = Release|Win32
		{709D5625-1F02-44E3-A899-F3C4F7B3EF83}.Release|x86.Build.0 = Release|Win32
		{FBA0E6AA-0361-405C-98E8-809F5776E8D3}.Debug|x64.ActiveCfg = Debug|x64
		{FBA0E6AA-0361-405C-98E8-809F5776E8D3}.Debug|x64.Build.0 = Debug|x64
		{FBA0E6AA-0361-405C-98E8-809F5776E8D3}.Debug|x86.ActiveCfg = Debug|Win32
		{FBA0E6AA-0361-405C-98E8-809F5776E8D3}.Debug|x86.Build.0 = Debug|Win32
		{FBA0E6AA-0361-405C-98E8-809F5776E8D3}.Release|x64.ActiveCfg = Release|x64
		{FBA0E6AA-0361-405C-98E8-809F5776E8D3}.Release|x64.Build.0 = Release|x64
		{FBA0E6AA-0361-405C-98E8-809F5776E8D3}.Release|x86.ActiveCfg = Release|Win32
		{FBA0E6AA-0361-405C-98E8-809F5776E8D3}.Release|x86.Build.0 = Release|Win32
		{C9A58F69-C6E1-4B74-8BA8-7D40BDB1CE63}.Debug|x64.ActiveCfg = Debug|x64
		{C9A58F69-C6E1-4B74-8BA8-7D40BDB1CE63}.Debug|x64.Build.0 = Debug|x64
		{C9A58F69-C6E1-4B74-8BA8-7D40BDB1CE63}.Debug|x86.ActiveCfg = Debug|Win32
		{C9A58F69-C6E1-4B74-8BA8-7D40BDB1CE63}.Debug|x86.Build.0 = Debug|Win32
		{C9A58F69-C6E1-4B74-8BA8-7D40BDB1CE63}.Release|x64.ActiveCfg = Release|x64
		{C9A58F69-C6E1-4B74-8BA8-7D40BDB1CE63}.Release|x64.Build.0 = Release|x64
		{C9A58F69-C6E1-4B74-8BA8-7D40BDB1CE63}.Release|x86.ActiveCfg = Release|Win32
		{C9A58F69-C6E1-4B74-8BA8-7D40BDB1CE63}.Release|x86.Build.0 = Release|Win32
		{8B991037-0544-4C3F-B76F-81402324B24F}.Debug|x64.ActiveCfg = Debug|x64
		{8B991037-0544-4C3F-B76F-81402324B24F}.Debug|x64.Build.0 = Debug|x64
		{8B991037-0544-4C3F-B76F-81402324B24F}.Debug|x86.ActiveCfg = Debug|Win32
		{8B991037-0544-4C3F-B76F-81402324B24F}.Debug|x86.Build.0 = Debug|Win32
		{8B991037-0544-4C3F-B76F-81402324B24F}.Release|x64.ActiveCfg = Release|x64
		{8B991037-0544-4C3F-B76F-81402324B24F}.Release|x64.Build.0 = Release|x64
		{8B991037-0544-4C3F-B76F-81402324B24F}.Release|x86.ActiveCfg = Release|Win32
		{8B991037-0544-4C3F-B76F-81402324B24F}.Release|x86.Build.0 = Release|Win32
		{E06B14E1-7BDE-4D3B-8AC1-3C55EDFD56B4}.Debug|x64.ActiveCfg = Debug|x64
		{E06B14E1-7BDE-4D3B-8AC1-3C55EDFD56B4}.Debug|x64.Build.0 = Debug|x64
		{E06B14E1-7BDE-4D3B-8AC1-3C55EDFD56B4}.Debug|x86.ActiveCfg = Debug|Win32
		{E06B14E1-7BDE-4D3B-8AC1-3C55EDFD56B4}.Debug|x86.Build.0 = Debug|Win32
		{E06B14E1-7BDE-4D3B-8AC1-3C55EDFD56B4}.Release|x64.ActiveCfg = Release|x64
		{E06B14E1-7BDE-4D3B-8AC1-3C55EDFD56B4}.Release|x64.Build.0 = Release|x64
		{E06B14E1-7BDE-4D3B-8AC1-3C55EDFD56B4}.Release|x86.ActiveCfg = Release|Win32
		{E06B14E1-7BDE-4D3B-8AC1-3C55EDFD56B4}.Release|x86.Build.0 = Release|Win32
		{C60C1C5F-A82C-4CF9-AC78-8B1A4494B346}.Debug|x64.ActiveCfg = Debug|x64
		{C60C1C5F-A82C-4CF9-AC78-8B1A4494B346}.Debug|x64.Build.0 = Debug|x64
		{C60C1C5F-A82C-4CF9-AC78-8B1A4494B346}.Debug|x86.ActiveCfg = Debug|Win32
		{C60C1C5F-A82C-4CF9-AC78-8B1A4494B346}.Debug|x86.Build.0 = Debug|Win32
		{C60C1C5F-A82C-4CF9-AC78-8B1A4494B346}.Release|x64.ActiveCfg = Release|x64
		{C60C1C5F-A82C-4CF9-AC78-8B1A4494B346}.Release|x64.Build.0 = Release|x64
		{C60C1C5F-A82C-4CF9-AC78-8B1A4494B346}.Release|x86.ActiveCfg = Release|Win32
		{C60C1C5F-A82C-4CF9-AC78-8B1A4494B346}.Release|x86.Build.0 = Release|Win32
		{D9B2C188-4321-469C-A266-091DE8EAEE86}.Debug|x64.ActiveCfg = Debug|x64
		{D9B2C188-4321-469C-A266-091DE8EAEE86}.Debug|x64.Build.0 = Debug|x64
		{D9B2C188-4321-469C-A266-091DE8EAEE86}.Debug|x86.ActiveCfg = Debug|Win32
		{D9B2C188-4321-469C-A266-091DE8EAEE86}.Debug|x86.Build.0 = Debug|Win32
		{D9B2C188-4321-469C-A266-091DE8EAEE86}.Release|x64.ActiveCfg = Release|x64
		{D9B2C188-4321-469C-A266-091DE8EAEE86}.Release|x64.Build.0 = Release|x64
		{D9B2C188-4321-469C-A266-091DE8EAEE86}.Release|x86.ActiveCfg = Release|Win32
		{D9B2C188-4321-469C-A266-091DE8EAEE86}.Release|x86.Build.0 = Release|Win32
		{DF9ADA57-E769-4D01-A10C-692D9EB195EA}.Debug|x64.ActiveCfg = Debug|x64
		{DF9ADA57-E769-4D01-A10C-692D9EB195EA}.Debug|x64.Build.0 = Debug|x64
		{DF9ADA57-E769-4D01-A10C-692D9EB195EA}.Debug|x86.ActiveCfg = Debug|Win32
		{DF9ADA57-E769-4D01-A10C-692D9EB195EA}.Debug|x86.Build.0 = Debug|Win32
		{DF9ADA57-E769-4D01-A10C-692D9EB195EA}.Release|x64.ActiveCfg = Release|x64
		{DF9ADA57-E769-4D01-A10C-692D9EB195EA}.Release|x64.Build.0 = Release|x64
		{DF9ADA57-E769-4D01-A10C-692D9EB195EA}.Release|x86.ActiveCfg = Release|Win32
		{DF9ADA57-E769-4D01-A10C-692D9EB195EA}.Release|x86.Build.0 = Release|Win32
		{A94A4E0A-0747-4FC8-A408-B948A74B99EB}.Debug|x64.ActiveCfg = Debug|x64
		{A94A4E0A-0747-4FC8-A408-B948A74B99EB}.Debug|x64.Build.0 = Debug|x64
		{A94A4E0A-0747-4FC8-A408-B948A74B99EB}.Debug|x86.ActiveCfg = Debug|Win32
		{A94A4E0A-0747-4FC8-A408-B948A74B99EB}.Debug|x86.Build.0 = Debug|Win32
		{A94A4E0A-0747-4FC8-A408-B948A74B99EB}.Release|x64.ActiveCfg = Release|x64
		{A94A4E0A-0747-4FC8-A408-B948A74B99EB}.Release|x64.Build.0 = Release|x64
		{A94A4E0A-0747-4FC8-A408-B948A74B99EB}.Release|x86.ActiveCfg = Release|Win32
		{A94A4E0A-0747-4FC8-A408-B948A74B99EB}.Release|x86.Build.0 = Release|Win32
		{DF1A22A2-A0AC-4C56-A130-CFDF2CC727B0}.Debug|x64.ActiveCfg = Debug|x64
		{DF1A22A2-A0AC-4C56-A130-CFDF2CC727B0}.Debug|x64.Build.0 = Debug|x64
		{DF1A22A2-A0AC-4C56-A130-CFDF2CC727B0}.Debug|x86.ActiveCfg = Debug|Win32
		{DF1A22A2-A0AC-4C56-A130-CFDF2CC727B0}.Debug|x86.Build.0 = Debug|Win32
		{DF1A22A2-A0AC-4C56-A130-CFDF2CC727B0}.Release|x64.ActiveCfg = Release|x64
		{DF1A22A2-A0AC-4C56-A130-CFDF2CC727B0}.Release|x64.Build.0 = Release|x64
		{DF1A22A2-A0AC-4C56-A130-CFDF2CC727B0}.Release|x86.ActiveCfg = Release|Win32
		{DF1A22A2-A0AC-4C56-A130-CFDF2CC727B0}.Release|x86.Build.0 = Release|Win32
		{135F5082-9C8D-4DE0-A193-71D9283FD5C7}.Debug|x64.ActiveCfg = Debug|x64
		{135F5082-9C8D-4DE0-A193-71D9283FD5C7}.Debug|x64.Build.0 = Debug|x64
		{135F5082-9C8D-4DE0-A193-71D9283FD5C7}.Debug|x86.ActiveCfg = Debug|Win32
		{135F5082-9C8D-4DE0-A193-71D9283FD5C7}.Debug|x86.Build.0 = Debug|Win32
		{135F5082-9C8D-4DE0-A193-71D9283FD5C7}.Release|x64.ActiveCfg = Release|x64
		{135F5082-9C8D-4DE0-A193-71D9283FD5C7}.Release|x64.Build.0 = Release|x64
		{135F5082-9C8D-4DE0-A193-71D9283FD5C7}.Release|x86.ActiveCfg = Release|Win32
		{135F5082-9C8D-4DE0-A193-71D9283FD5C7}.Release|x86.Build.0 = Release|Win32
		{FDC86A8E-08B1-42E3-8EF3-B448EFEBF5DC}.Debug|x64.ActiveCfg = Debug|x64
		{FDC86A8E-08B1-42E3-8EF3-B448EFEBF5DC}.Debug|x64.Build.0 = Debug|x64
		{FDC86A8E-08B1-42E3-8EF3-B448EFEBF5DC}.Debug|x86.ActiveCfg = Debug|Win32
		{FDC86A8E-08B1-42E3-8EF3-B448EFEBF5DC}.Debug|x86.Build.0 = Debug|Win32
		{FDC86A8E-08B1-42E3-8EF3-B448EFEBF5DC}.Release|x64.ActiveCfg = Release|x64
		{FDC86A8E-08B1-42E3-8EF3-B448EFEBF5DC}.Release|x64.Build.0 = Release|x64
		{FDC86A8E-08B1-42E3-8EF3-B448EFEBF5DC}.Release|x86.ActiveCfg = Release|Win32
		{FDC86A8E-08B1-42E3-8EF3-B448EFEBF5DC}.Release|x86.Build.0 = Release|Win32
		{1CAC5261-44E3-452F-BFDA-9B3A5612A6B6}.Debug|x64.ActiveCfg = Debug|x64
		{1CAC5261-44E3-452F-BFDA-9B3A5612A6B6}.Debug|x64.Build.0 = Debug|x64
		{1CAC5261-44E3-452F-BFDA-9B3A5612A6B6}.Debug|x86.ActiveCfg = Debug|Win32
		{1CAC5261-44E3-452F-BFDA-9B3A5612A6B6}.Debug|x86.Build.0 = Debug|Win32
		{1CAC5261-44E3-452F-BFDA-9B3A5612A6B6}.Release|x64.ActiveCfg = Release|x64
		{1CAC5261-44E3-452F-BFDA-9B3A5612A6B6}.Release|x64.Build.0 = Release|x64
		{1CAC5261-44E3-452F-BFDA-9B3A5612A6B6}.Release|x86.ActiveCfg = Release|Win32
		{1CAC5261-44E3-452F-BFDA-9B3A5612A6B6}.Release|x86.Build.0 = Release|Win32
		{87BE16D7-3F6D-4AA2-9618-CBBB8E2A9507}.Debug|x64.ActiveCfg = Debug|x64
		{87BE16D7-3F6D-4AA2-9618-CBBB8E2A9507}.Debug|x64.Build.0 = Debug|x64
		{87BE16D7-3F6D-4AA2-9618-CBBB8E2A9507}.Debug|x86.ActiveCfg = Debug|Win32
		{87BE16D7-3F6D-4AA2-9618-CBBB8E2A9507}.Debug|x86.Build.0 = Debug|Win32
		{87BE16D7-3F6D-4AA2-9618-CBBB8E2A9507}.Release|x64.ActiveCfg = Release|x64
		{87BE16D7-3F6D-4AA2-9618-CBBB8E2A9507}.Release|x64.Build.0 = Release|x64
		{87BE16D7-3F6D-4AA2-9618-CBBB8E2A9507}.Release|x86.ActiveCfg = Release|Win32
		{87BE16D7-3F6D-4AA2-9618-CBBB8E2A9507}.Release|x86.Build.0 = Release|Win32
		{7D1D351E-F214-41DF-80A4-2AD435DDBEC4}.Debug|x64.ActiveCfg = Debug|x64
		{7D1D351E-F214-41DF-80A4-2AD435DDBEC4}.Debug|x64.Build.0 = Debug|x64
		{7D1D351E-F214-41DF-80A4-2AD435DDBEC4}.Debug|x86.ActiveCfg = Debug|Win32
		{7D1D351E-F214-41DF-80A4-2AD435DDBEC4}.Debug|x86.Build.0 = Debug|Win32
		{7D1D351E-F214-41DF-80A4-2AD435DDBEC4}.Release|x64.ActiveCfg = Release|x64
		{7D1D351E-F214-41DF-80A4-2AD435DDBEC4}.Release|x64.Build.0 = Release|x64
		{7D1D351E-F214-41DF-80A4-2AD435DDBEC4}.Release|x86.ActiveCfg = Release|Win32
		{7D1D351E-F214-41DF-80A4-2AD435DDBEC4}.Release|x86.Build.0 = Release|Win32
		{4EC9FDE6-B3E7-4B3B-9628-BDBD96733114}.Debug|x64.ActiveCfg = Debug|x64
		{4EC9FDE6-B3E7-4B3B-9628-BDBD96733114}.Debug|x64.Build.0 = Debug|x64
		{4EC9FDE6-B3E7-4B3B-9628-BDBD96733114}.Debug|x86.ActiveCfg = Debug|Win32
		{4EC9FDE6-B3E7-4B3B-9628-BDBD96733114}.Debug|x86.Build.0 = Debug|Win32
		{4EC9FDE6-B3E7-4B3B-9628-BDBD96733114}.Release|x64.ActiveCfg = Release|x64
		{4EC9FDE6-B3E7-4B3B-9628-BDBD96733114}.Release|x64.Build.0 = Release|x64
		{4EC9FDE6-B3E7-4B3B-9628-BDBD96733114}.Release|x86.ActiveCfg = Release|Win32
		{4EC9FDE6-B3E7-4B3B-9628-BDBD96733114}.Release|x86.Build.0 = Release|Win32
		{660FFF80-95F0-4332-9914-055F6C4F7D98}.Debug|x64.ActiveCfg = Debug|x64
		{660FFF80-95F0-4332-9914-055F6C4F7D98}.Debug|x64.Build.0 = Debug|x64
		{660FFF80-95F0-4332-9914-055F6C4F7D98}.Debug|x86.ActiveCfg = Debug|Win32
		{660FFF80-95F0-4332-9914-055F6C4F7D98}.Debug|x86.Build.0 = Debug|Win32
		{660FFF80-95F0-4332-9914-055F6C4F7D98}.Release|x64.ActiveCfg = Release|x64
		{660FFF80-95F0-4332-9914-055F6C4F7D98}.Release|x64.Build.0 = Release|x64
		{660FFF80-95F0-4332-9914-055F6C4F7D98}.Release|x86.ActiveCfg = Release|Win32
		{660FFF80-95F0-4332-9914-055F6C4F7D98}.Release|x86.Build.0 = Release|Win32
		{B595E702-A681-4415-A94C-A29896FDDA39}.Debug|x64.ActiveCfg = Debug|x64
		{B595E702-A681-4415-A94C-A29896FDDA39}.Debug|x64.Build.0 = Debug|x64
		{B595E702-A681-4415-A94C-A29896FDDA39}.Debug|x86.ActiveCfg = Debug|Win32
		{B595E702-A681-4415-A94C-A29896FDDA39}.Debug|x86.Build.0 = Debug|Win32
		{B595E702-A681-4415-A94C-A29896FDDA39}.Release|x64.ActiveCfg = Release|x64
		{B595E702-A681-4415-A94C-A29896FDDA39}.Release|x64.Build.0 = Release|x64
		{B595E702-A681-4415-A94C-A29896FDDA39}.Release|x86.ActiveCfg = Release|Win32
		{B595E702-A681-4415-A94C-A29896FDDA39}.Release|x86.Build.0 = Release|Win32
	EndGlobalSection
	GlobalSection(SolutionProperties) = preSolution
		HideSolutionNode = FALSE
	EndGlobalSection
	GlobalSection(ExtensibilityGlobals) = postSolution
		SolutionGuid = {2A73A105-0106-44EE-9843-D2D6E18137C5}
	EndGlobalSection
EndGlobal
